// !$*UTF8*$!
{
	archiveVersion = 1;
	classes = {
	};
	objectVersion = 46;
	objects = {

/* Begin PBXBuildFile section */
		7AAD71901B5F8BC9008B95D5 /* main.m in Sources */ = {isa = PBXBuildFile; fileRef = 7AAD718F1B5F8BC9008B95D5 /* main.m */; };
		7AAD71931B5F8BC9008B95D5 /* AppDelegate.m in Sources */ = {isa = PBXBuildFile; fileRef = 7AAD71921B5F8BC9008B95D5 /* AppDelegate.m */; };
		7AAD71961B5F8BCA008B95D5 /* ViewController.m in Sources */ = {isa = PBXBuildFile; fileRef = 7AAD71951B5F8BCA008B95D5 /* ViewController.m */; };
		7AAD71991B5F8BCA008B95D5 /* Main.storyboard in Resources */ = {isa = PBXBuildFile; fileRef = 7AAD71971B5F8BCA008B95D5 /* Main.storyboard */; };
		7AAD719B1B5F8BCA008B95D5 /* Assets.xcassets in Resources */ = {isa = PBXBuildFile; fileRef = 7AAD719A1B5F8BCA008B95D5 /* Assets.xcassets */; };
		7AAD719E1B5F8BCA008B95D5 /* LaunchScreen.storyboard in Resources */ = {isa = PBXBuildFile; fileRef = 7AAD719C1B5F8BCA008B95D5 /* LaunchScreen.storyboard */; };
/* End PBXBuildFile section */

/* Begin PBXFileReference section */
		7AAD718B1B5F8BC8008B95D5 /* AllOfUIView.app */ = {isa = PBXFileReference; explicitFileType = wrapper.application; includeInIndex = 0; path = AllOfUIView.app; sourceTree = BUILT_PRODUCTS_DIR; };
		7AAD718F1B5F8BC9008B95D5 /* main.m */ = {isa = PBXFileReference; lastKnownFileType = sourcecode.c.objc; path = main.m; sourceTree = "<group>"; };
		7AAD71911B5F8BC9008B95D5 /* AppDelegate.h */ = {isa = PBXFileReference; lastKnownFileType = sourcecode.c.h; path = AppDelegate.h; sourceTree = "<group>"; };
		7AAD71921B5F8BC9008B95D5 /* AppDelegate.m */ = {isa = PBXFileReference; lastKnownFileType = sourcecode.c.objc; path = AppDelegate.m; sourceTree = "<group>"; };
		7AAD71941B5F8BCA008B95D5 /* ViewController.h */ = {isa = PBXFileReference; lastKnownFileType = sourcecode.c.h; path = ViewController.h; sourceTree = "<group>"; };
		7AAD71951B5F8BCA008B95D5 /* ViewController.m */ = {isa = PBXFileReference; lastKnownFileType = sourcecode.c.objc; path = ViewController.m; sourceTree = "<group>"; };
		7AAD71981B5F8BCA008B95D5 /* Base */ = {isa = PBXFileReference; lastKnownFileType = file.storyboard; name = Base; path = Base.lproj/Main.storyboard; sourceTree = "<group>"; };
		7AAD719A1B5F8BCA008B95D5 /* Assets.xcassets */ = {isa = PBXFileReference; lastKnownFileType = folder.assetcatalog; path = Assets.xcassets; sourceTree = "<group>"; };
		7AAD719D1B5F8BCA008B95D5 /* Base */ = {isa = PBXFileReference; lastKnownFileType = file.storyboard; name = Base; path = Base.lproj/LaunchScreen.storyboard; sourceTree = "<group>"; };
		7AAD719F1B5F8BCB008B95D5 /* Info.plist */ = {isa = PBXFileReference; lastKnownFileType = text.plist.xml; path = Info.plist; sourceTree = "<group>"; };
/* End PBXFileReference section */

/* Begin PBXFrameworksBuildPhase section */
		7AAD71881B5F8BC8008B95D5 /* Frameworks */ = {
			isa = PBXFrameworksBuildPhase;
			buildActionMask = 2147483647;
			files = (
			);
			runOnlyForDeploymentPostprocessing = 0;
		};
/* End PBXFrameworksBuildPhase section */

/* Begin PBXGroup section */
		7AAD71821B5F8BC7008B95D5 = {
			isa = PBXGroup;
			children = (
				7AAD718D1B5F8BC8008B95D5 /* AllOfUIView */,
				7AAD718C1B5F8BC8008B95D5 /* Products */,
			);
			sourceTree = "<group>";
		};
		7AAD718C1B5F8BC8008B95D5 /* Products */ = {
			isa = PBXGroup;
			children = (
				7AAD718B1B5F8BC8008B95D5 /* AllOfUIView.app */,
			);
			name = Products;
			sourceTree = "<group>";
		};
		7AAD718D1B5F8BC8008B95D5 /* AllOfUIView */ = {
			isa = PBXGroup;
			children = (
				7AAD71911B5F8BC9008B95D5 /* AppDelegate.h */,
				7AAD71921B5F8BC9008B95D5 /* AppDelegate.m */,
				7AAD71941B5F8BCA008B95D5 /* ViewController.h */,
				7AAD71951B5F8BCA008B95D5 /* ViewController.m */,
				7AAD71971B5F8BCA008B95D5 /* Main.storyboard */,
				7AAD719A1B5F8BCA008B95D5 /* Assets.xcassets */,
				7AAD719C1B5F8BCA008B95D5 /* LaunchScreen.storyboard */,
				7AAD719F1B5F8BCB008B95D5 /* Info.plist */,
				7AAD718E1B5F8BC9008B95D5 /* Supporting Files */,
			);
			path = AllOfUIView;
			sourceTree = "<group>";
		};
		7AAD718E1B5F8BC9008B95D5 /* Supporting Files */ = {
			isa = PBXGroup;
			children = (
				7AAD718F1B5F8BC9008B95D5 /* main.m */,
			);
			name = "Supporting Files";
			sourceTree = "<group>";
		};
/* End PBXGroup section */

/* Begin PBXNativeTarget section */
		7AAD718A1B5F8BC8008B95D5 /* AllOfUIView */ = {
			isa = PBXNativeTarget;
			buildConfigurationList = 7AAD71A21B5F8BCB008B95D5 /* Build configuration list for PBXNativeTarget "AllOfUIView" */;
			buildPhases = (
				7AAD71871B5F8BC8008B95D5 /* Sources */,
				7AAD71881B5F8BC8008B95D5 /* Frameworks */,
				7AAD71891B5F8BC8008B95D5 /* Resources */,
			);
			buildRules = (
			);
			dependencies = (
			);
			name = AllOfUIView;
			productName = AllOfUIView;
			productReference = 7AAD718B1B5F8BC8008B95D5 /* AllOfUIView.app */;
			productType = "com.apple.product-type.application";
		};
/* End PBXNativeTarget section */

/* Begin PBXProject section */
		7AAD71831B5F8BC7008B95D5 /* Project object */ = {
			isa = PBXProject;
			attributes = {
				LastUpgradeCheck = 0700;
				ORGANIZATIONNAME = "Nam Titan";
				TargetAttributes = {
					7AAD718A1B5F8BC8008B95D5 = {
						CreatedOnToolsVersion = 7.0;
					};
				};
			};
			buildConfigurationList = 7AAD71861B5F8BC7008B95D5 /* Build configuration list for PBXProject "AllOfUIView" */;
			compatibilityVersion = "Xcode 3.2";
			developmentRegion = English;
			hasScannedForEncodings = 0;
			knownRegions = (
				en,
				Base,
			);
			mainGroup = 7AAD71821B5F8BC7008B95D5;
			productRefGroup = 7AAD718C1B5F8BC8008B95D5 /* Products */;
			projectDirPath = "";
			projectRoot = "";
			targets = (
				7AAD718A1B5F8BC8008B95D5 /* AllOfUIView */,
			);
		};
/* End PBXProject section */

/* Begin PBXResourcesBuildPhase section */
		7AAD71891B5F8BC8008B95D5 /* Resources */ = {
			isa = PBXResourcesBuildPhase;
			buildActionMask = 2147483647;
			files = (
				7AAD719E1B5F8BCA008B95D5 /* LaunchScreen.storyboard in Resources */,
				7AAD719B1B5F8BCA008B95D5 /* Assets.xcassets in Resources */,
				7AAD71991B5F8BCA008B95D5 /* Main.storyboard in Resources */,
			);
			runOnlyForDeploymentPostprocessing = 0;
		};
/* End PBXResourcesBuildPhase section */

/* Begin PBXSourcesBuildPhase section */
		7AAD71871B5F8BC8008B95D5 /* Sources */ = {
			isa = PBXSourcesBuildPhase;
			buildActionMask = 2147483647;
			files = (
				7AAD71961B5F8BCA008B95D5 /* ViewController.m in Sources */,
				7AAD71931B5F8BC9008B95D5 /* AppDelegate.m in Sources */,
				7AAD71901B5F8BC9008B95D5 /* main.m in Sources */,
			);
			runOnlyForDeploymentPostprocessing = 0;
		};
/* End PBXSourcesBuildPhase section */

/* Begin PBXVariantGroup section */
		7AAD71971B5F8BCA008B95D5 /* Main.storyboard */ = {
			isa = PBXVariantGroup;
			children = (
				7AAD71981B5F8BCA008B95D5 /* Base */,
			);
			name = Main.storyboard;
			sourceTree = "<group>";
		};
		7AAD719C1B5F8BCA008B95D5 /* LaunchScreen.storyboard */ = {
			isa = PBXVariantGroup;
			children = (
				7AAD719D1B5F8BCA008B95D5 /* Base */,
			);
			name = LaunchScreen.storyboard;
			sourceTree = "<group>";
		};
/* End PBXVariantGroup section */

/* Begin XCBuildConfiguration section */
		7AAD71A01B5F8BCB008B95D5 /* Debug */ = {
			isa = XCBuildConfiguration;
			buildSettings = {
				ALWAYS_SEARCH_USER_PATHS = NO;
				CLANG_CXX_LANGUAGE_STANDARD = "gnu++0x";
				CLANG_CXX_LIBRARY = "libc++";
				CLANG_ENABLE_MODULES = YES;
				CLANG_ENABLE_OBJC_ARC = YES;
				CLANG_WARN_BOOL_CONVERSION = YES;
				CLANG_WARN_CONSTANT_CONVERSION = YES;
				CLANG_WARN_DIRECT_OBJC_ISA_USAGE = YES_ERROR;
				CLANG_WARN_EMPTY_BODY = YES;
				CLANG_WARN_ENUM_CONVERSION = YES;
				CLANG_WARN_INT_CONVERSION = YES;
				CLANG_WARN_OBJC_ROOT_CLASS = YES_ERROR;
				CLANG_WARN_UNREACHABLE_CODE = YES;
				CLANG_WARN__DUPLICATE_METHOD_MATCH = YES;
				"CODE_SIGN_IDENTITY[sdk=iphoneos*]" = "iPhone Developer";
				COPY_PHASE_STRIP = NO;
				DEBUG_INFORMATION_FORMAT = dwarf;
				ENABLE_STRICT_OBJC_MSGSEND = YES;
				ENABLE_TESTABILITY = YES;
				GCC_C_LANGUAGE_STANDARD = gnu99;
				GCC_DYNAMIC_NO_PIC = NO;
				GCC_NO_COMMON_BLOCKS = YES;
				GCC_OPTIMIZATION_LEVEL = 0;
				GCC_PREPROCESSOR_DEFINITIONS = (
					"DEBUG=1",
					"$(inherited)",
				);
				GCC_WARN_64_TO_32_BIT_CONVERSION = YES;
				GCC_WARN_ABOUT_RETURN_TYPE = YES_ERROR;
				GCC_WARN_UNDECLARED_SELECTOR = YES;
				GCC_WARN_UNINITIALIZED_AUTOS = YES_AGGRESSIVE;
				GCC_WARN_UNUSED_FUNCTION = YES;
				GCC_WARN_UNUSED_VARIABLE = YES;
				IPHONEOS_DEPLOYMENT_TARGET = 9.0;
				MTL_ENABLE_DEBUG_INFO = YES;
				ONLY_ACTIVE_ARCH = YES;
				SDKROOT = iphoneos;
			};
			name = Debug;
		};
		7AAD71A11B5F8BCB008B95D5 /* Release */ = {
			isa = XCBuildConfiguration;
			buildSettings = {
				ALWAYS_SEARCH_USER_PATHS = NO;
				CLANG_CXX_LANGUAGE_STANDARD = "gnu++0x";
				CLANG_CXX_LIBRARY = "libc++";
				CLANG_ENABLE_MODULES = YES;
				CLANG_ENABLE_OBJC_ARC = YES;
				CLANG_WARN_BOOL_CONVERSION = YES;
				CLANG_WARN_CONSTANT_CONVERSION = YES;
				CLANG_WARN_DIRECT_OBJC_ISA_USAGE = YES_ERROR;
				CLANG_WARN_EMPTY_BODY = YES;
				CLANG_WARN_ENUM_CONVERSION = YES;
				CLANG_WARN_INT_CONVERSION = YES;
				CLANG_WARN_OBJC_ROOT_CLASS = YES_ERROR;
				CLANG_WARN_UNREACHABLE_CODE = YES;
				CLANG_WARN__DUPLICATE_METHOD_MATCH = YES;
				"CODE_SIGN_IDENTITY[sdk=iphoneos*]" = "iPhone Developer";
				COPY_PHASE_STRIP = NO;
				DEBUG_INFORMATION_FORMAT = "dwarf-with-dsym";
				ENABLE_NS_ASSERTIONS = NO;
				ENABLE_STRICT_OBJC_MSGSEND = YES;
				GCC_C_LANGUAGE_STANDARD = gnu99;
				GCC_NO_COMMON_BLOCKS = YES;
				GCC_WARN_64_TO_32_BIT_CONVERSION = YES;
				GCC_WARN_ABOUT_RETURN_TYPE = YES_ERROR;
				GCC_WARN_UNDECLARED_SELECTOR = YES;
				GCC_WARN_UNINITIALIZED_AUTOS = YES_AGGRESSIVE;
				GCC_WARN_UNUSED_FUNCTION = YES;
				GCC_WARN_UNUSED_VARIABLE = YES;
				IPHONEOS_DEPLOYMENT_TARGET = 9.0;
				MTL_ENABLE_DEBUG_INFO = NO;
				SDKROOT = iphoneos;
				VALIDATE_PRODUCT = YES;
			};
			name = Release;
		};
		7AAD71A31B5F8BCB008B95D5 /* Debug */ = {
			isa = XCBuildConfiguration;
			buildSettings = {
				ASSETCATALOG_COMPILER_APPICON_NAME = AppIcon;
				INFOPLIST_FILE = AllOfUIView/Info.plist;
				LD_RUNPATH_SEARCH_PATHS = "$(inherited) @executable_path/Frameworks";
				PRODUCT_BUNDLE_IDENTIFIER = namtitan.vn.AllOfUIView;
				PRODUCT_NAME = "$(TARGET_NAME)";
			};
			name = Debug;
		};
		7AAD71A41B5F8BCB008B95D5 /* Release */ = {
			isa = XCBuildConfiguration;
			buildSettings = {
				ASSETCATALOG_COMPILER_APPICON_NAME = AppIcon;
				INFOPLIST_FILE = AllOfUIView/Info.plist;
				LD_RUNPATH_SEARCH_PATHS = "$(inherited) @executable_path/Frameworks";
				PRODUCT_BUNDLE_IDENTIFIER = namtitan.vn.AllOfUIView;
				PRODUCT_NAME = "$(TARGET_NAME)";
			};
			name = Release;
		};
/* End XCBuildConfiguration section */

/* Begin XCConfigurationList section */
		7AAD71861B5F8BC7008B95D5 /* Build configuration list for PBXProject "AllOfUIView" */ = {
			isa = XCConfigurationList;
			buildConfigurations = (
				7AAD71A01B5F8BCB008B95D5 /* Debug */,
				7AAD71A11B5F8BCB008B95D5 /* Release */,
			);
			defaultConfigurationIsVisible = 0;
			defaultConfigurationName = Release;
		};
		7AAD71A21B5F8BCB008B95D5 /* Build configuration list for PBXNativeTarget "AllOfUIView" */ = {
			isa = XCConfigurationList;
			buildConfigurations = (
				7AAD71A31B5F8BCB008B95D5 /* Debug */,
				7AAD71A41B5F8BCB008B95D5 /* Release */,
			);
			defaultConfigurationIsVisible = 0;
		};
/* End XCConfigurationList section */
	};
	rootObject = 7AAD71831B5F8BC7008B95D5 /* Project object */;
}
